
Microsoft Visual Studio Solution File, Format Version 12.00
# Visual Studio 15
VisualStudioVersion = 15.0.27703.2000
MinimumVisualStudioVersion = 10.0.40219.1
Project("{FAE04EC0-301F-11D3-BF4B-00C04F79EFBC}") = "1 - SRP", "1 - SRP\1 - SRP.csproj", "{10EA5BC1-D55B-4201-9D48-5304716A3EC1}"
EndProject
Project("{FAE04EC0-301F-11D3-BF4B-00C04F79EFBC}") = "2 - OCP", "2 - OCP\2 - OCP.csproj", "{45838031-A1A1-49A1-B886-459F02CA0FB0}"
EndProject
Project("{FAE04EC0-301F-11D3-BF4B-00C04F79EFBC}") = "3 - LSP", "3 - LSP\3 - LSP.csproj", "{C21AE468-058E-4B3E-B4E8-6F1E5E8E49E8}"
EndProject
Project("{FAE04EC0-301F-11D3-BF4B-00C04F79EFBC}") = "4 - ISP", "4 - ISP\4 - ISP.csproj", "{2F7A735F-0CAC-4CA0-AEDD-BCE44249DBC9}"
EndProject
Project("{FAE04EC0-301F-11D3-BF4B-00C04F79EFBC}") = "5 - DIP", "5 - DIP\5 - DIP.csproj", "{DD548912-29B7-468D-BCC1-FA19048A39AD}"
EndProject
Global
	GlobalSection(SolutionConfigurationPlatforms) = preSolution
		Debug|Any CPU = Debug|Any CPU
		Release|Any CPU = Release|Any CPU
	EndGlobalSection
	GlobalSection(ProjectConfigurationPlatforms) = postSolution
		{10EA5BC1-D55B-4201-9D48-5304716A3EC1}.Debug|Any CPU.ActiveCfg = Debug|Any CPU
		{10EA5BC1-D55B-4201-9D48-5304716A3EC1}.Debug|Any CPU.Build.0 = Debug|Any CPU
		{10EA5BC1-D55B-4201-9D48-5304716A3EC1}.Release|Any CPU.ActiveCfg = Release|Any CPU
		{10EA5BC1-D55B-4201-9D48-5304716A3EC1}.Release|Any CPU.Build.0 = Release|Any CPU
		{45838031-A1A1-49A1-B886-459F02CA0FB0}.Debug|Any CPU.ActiveCfg = Debug|Any CPU
		{45838031-A1A1-49A1-B886-459F02CA0FB0}.Debug|Any CPU.Build.0 = Debug|Any CPU
		{45838031-A1A1-49A1-B886-459F02CA0FB0}.Release|Any CPU.ActiveCfg = Release|Any CPU
		{45838031-A1A1-49A1-B886-459F02CA0FB0}.Release|Any CPU.Build.0 = Release|Any CPU
		{C21AE468-058E-4B3E-B4E8-6F1E5E8E49E8}.Debug|Any CPU.ActiveCfg = Debug|Any CPU
		{C21AE468-058E-4B3E-B4E8-6F1E5E8E49E8}.Debug|Any CPU.Build.0 = Debug|Any CPU
		{C21AE468-058E-4B3E-B4E8-6F1E5E8E49E8}.Release|Any CPU.ActiveCfg = Release|Any CPU
		{C21AE468-058E-4B3E-B4E8-6F1E5E8E49E8}.Release|Any CPU.Build.0 = Release|Any CPU
		{2F7A735F-0CAC-4CA0-AEDD-BCE44249DBC9}.Debug|Any CPU.ActiveCfg = Debug|Any CPU
		{2F7A735F-0CAC-4CA0-AEDD-BCE44249DBC9}.Debug|Any CPU.Build.0 = Debug|Any CPU
		{2F7A735F-0CAC-4CA0-AEDD-BCE44249DBC9}.Release|Any CPU.ActiveCfg = Release|Any CPU
		{2F7A735F-0CAC-4CA0-AEDD-BCE44249DBC9}.Release|Any CPU.Build.0 = Release|Any CPU
		{DD548912-29B7-468D-BCC1-FA19048A39AD}.Debug|Any CPU.ActiveCfg = Debug|Any CPU
		{DD548912-29B7-468D-BCC1-FA19048A39AD}.Debug|Any CPU.Build.0 = Debug|Any CPU
		{DD548912-29B7-468D-BCC1-FA19048A39AD}.Release|Any CPU.ActiveCfg = Release|Any CPU
		{DD548912-29B7-468D-BCC1-FA19048A39AD}.Release|Any CPU.Build.0 = Release|Any CPU
	EndGlobalSection
	GlobalSection(SolutionProperties) = preSolution
		HideSolutionNode = FALSE
	EndGlobalSection
	GlobalSection(ExtensibilityGlobals) = postSolution
		SolutionGuid = {FD1825A4-CA23-478B-BEFD-2E80AEA47D6C}
	EndGlobalSection
EndGlobal
